// !$*UTF8*$!
{
	archiveVersion = 1;
	classes = {
	};
	objectVersion = 46;
	objects = {

/* Begin PBXBuildFile section */
		6014D779194B5D2900CB802D /* JGMethodSwizzler.m in Sources */ = {isa = PBXBuildFile; fileRef = 6014D778194B5D2900CB802D /* JGMethodSwizzler.m */; };
		6014D77C194B872400CB802D /* SnapshotToolbarIconActive.png in Resources */ = {isa = PBXBuildFile; fileRef = 6014D77A194B872400CB802D /* SnapshotToolbarIconActive.png */; };
		6014D77D194B872400CB802D /* SnapshotToolbarIcon.png in Resources */ = {isa = PBXBuildFile; fileRef = 6014D77B194B872400CB802D /* SnapshotToolbarIcon.png */; };
		6014D781194B949F00CB802D /* ORPopoverController.m in Sources */ = {isa = PBXBuildFile; fileRef = 6014D77F194B949F00CB802D /* ORPopoverController.m */; };
		6014D782194B949F00CB802D /* ORPopoverController.xib in Resources */ = {isa = PBXBuildFile; fileRef = 6014D780194B949F00CB802D /* ORPopoverController.xib */; };
		6014D785194B9EE000CB802D /* ORCommandView.m in Sources */ = {isa = PBXBuildFile; fileRef = 6014D784194B9EDF00CB802D /* ORCommandView.m */; };
		6018B709194DE589001981D7 /* ORKaleidoscopeController.m in Sources */ = {isa = PBXBuildFile; fileRef = 6018B708194DE589001981D7 /* ORKaleidoscopeController.m */; };
		6018B70F194DEFB4001981D7 /* OutputExamples in Resources */ = {isa = PBXBuildFile; fileRef = 6018B70E194DEFB4001981D7 /* OutputExamples */; };
		6018B712194DF0A8001981D7 /* ORTestsSuiteModels.m in Sources */ = {isa = PBXBuildFile; fileRef = 6018B711194DF0A8001981D7 /* ORTestsSuiteModels.m */; };
		6020BD71194E061A0027B265 /* KaleidoscopeAllButton.png in Resources */ = {isa = PBXBuildFile; fileRef = 6020BD70194E061A0027B265 /* KaleidoscopeAllButton.png */; };
		6020BD73194E08210027B265 /* KaleidoscopeAllButtonActive.png in Resources */ = {isa = PBXBuildFile; fileRef = 6020BD72194E08210027B265 /* KaleidoscopeAllButtonActive.png */; };
		6020BD76194E09470027B265 /* ViewDiffImageActive.png in Resources */ = {isa = PBXBuildFile; fileRef = 6020BD74194E09470027B265 /* ViewDiffImageActive.png */; };
		6020BD77194E09470027B265 /* ViewDiffImage.png in Resources */ = {isa = PBXBuildFile; fileRef = 6020BD75194E09470027B265 /* ViewDiffImage.png */; };
		6020BD7A194E14E10027B265 /* BackArrowActive.png in Resources */ = {isa = PBXBuildFile; fileRef = 6020BD78194E14E10027B265 /* BackArrowActive.png */; };
		6020BD7B194E14E10027B265 /* BackArrow.png in Resources */ = {isa = PBXBuildFile; fileRef = 6020BD79194E14E10027B265 /* BackArrow.png */; };
		6020BD88194E3F7B0027B265 /* ORSlidingImageView.m in Sources */ = {isa = PBXBuildFile; fileRef = 6020BD87194E3F7B0027B265 /* ORSlidingImageView.m */; };
		605A0232194A34A500920397 /* AppKit.framework in Frameworks */ = {isa = PBXBuildFile; fileRef = 605A0231194A34A500920397 /* AppKit.framework */; };
		605A0234194A34A500920397 /* Foundation.framework in Frameworks */ = {isa = PBXBuildFile; fileRef = 605A0233194A34A500920397 /* Foundation.framework */; };
		605A023A194A34A500920397 /* InfoPlist.strings in Resources */ = {isa = PBXBuildFile; fileRef = 605A0238194A34A500920397 /* InfoPlist.strings */; };
		605A023D194A34A500920397 /* ORSnapshotDiffs.m in Sources */ = {isa = PBXBuildFile; fileRef = 605A023C194A34A500920397 /* ORSnapshotDiffs.m */; };
		60B22BD7194A39A700D72E46 /* ORLogReader.m in Sources */ = {isa = PBXBuildFile; fileRef = 60B22BD6194A39A700D72E46 /* ORLogReader.m */; };
/* End PBXBuildFile section */

/* Begin PBXFileReference section */
		6014D777194B5D2900CB802D /* JGMethodSwizzler.h */ = {isa = PBXFileReference; fileEncoding = 4; lastKnownFileType = sourcecode.c.h; path = JGMethodSwizzler.h; sourceTree = "<group>"; };
		6014D778194B5D2900CB802D /* JGMethodSwizzler.m */ = {isa = PBXFileReference; fileEncoding = 4; lastKnownFileType = sourcecode.c.objc; path = JGMethodSwizzler.m; sourceTree = "<group>"; };
		6014D77A194B872400CB802D /* SnapshotToolbarIconActive.png */ = {isa = PBXFileReference; lastKnownFileType = image.png; path = SnapshotToolbarIconActive.png; sourceTree = "<group>"; };
		6014D77B194B872400CB802D /* SnapshotToolbarIcon.png */ = {isa = PBXFileReference; lastKnownFileType = image.png; path = SnapshotToolbarIcon.png; sourceTree = "<group>"; };
		6014D77E194B949F00CB802D /* ORPopoverController.h */ = {isa = PBXFileReference; fileEncoding = 4; lastKnownFileType = sourcecode.c.h; path = ORPopoverController.h; sourceTree = "<group>"; };
		6014D77F194B949F00CB802D /* ORPopoverController.m */ = {isa = PBXFileReference; fileEncoding = 4; lastKnownFileType = sourcecode.c.objc; path = ORPopoverController.m; sourceTree = "<group>"; };
		6014D780194B949F00CB802D /* ORPopoverController.xib */ = {isa = PBXFileReference; fileEncoding = 4; lastKnownFileType = file.xib; path = ORPopoverController.xib; sourceTree = "<group>"; };
		6014D783194B9EDF00CB802D /* ORCommandView.h */ = {isa = PBXFileReference; fileEncoding = 4; lastKnownFileType = sourcecode.c.h; path = ORCommandView.h; sourceTree = "<group>"; };
		6014D784194B9EDF00CB802D /* ORCommandView.m */ = {isa = PBXFileReference; fileEncoding = 4; lastKnownFileType = sourcecode.c.objc; path = ORCommandView.m; sourceTree = "<group>"; };
		6018B707194DE589001981D7 /* ORKaleidoscopeController.h */ = {isa = PBXFileReference; fileEncoding = 4; lastKnownFileType = sourcecode.c.h; path = ORKaleidoscopeController.h; sourceTree = "<group>"; };
		6018B708194DE589001981D7 /* ORKaleidoscopeController.m */ = {isa = PBXFileReference; fileEncoding = 4; lastKnownFileType = sourcecode.c.objc; path = ORKaleidoscopeController.m; sourceTree = "<group>"; };
		6018B70E194DEFB4001981D7 /* OutputExamples */ = {isa = PBXFileReference; fileEncoding = 4; lastKnownFileType = text; path = OutputExamples; sourceTree = "<group>"; };
		6018B710194DF0A8001981D7 /* ORTestsSuiteModels.h */ = {isa = PBXFileReference; fileEncoding = 4; lastKnownFileType = sourcecode.c.h; path = ORTestsSuiteModels.h; sourceTree = "<group>"; };
		6018B711194DF0A8001981D7 /* ORTestsSuiteModels.m */ = {isa = PBXFileReference; fileEncoding = 4; lastKnownFileType = sourcecode.c.objc; path = ORTestsSuiteModels.m; sourceTree = "<group>"; };
		6020BD70194E061A0027B265 /* KaleidoscopeAllButton.png */ = {isa = PBXFileReference; lastKnownFileType = image.png; path = KaleidoscopeAllButton.png; sourceTree = "<group>"; };
		6020BD72194E08210027B265 /* KaleidoscopeAllButtonActive.png */ = {isa = PBXFileReference; lastKnownFileType = image.png; path = KaleidoscopeAllButtonActive.png; sourceTree = "<group>"; };
		6020BD74194E09470027B265 /* ViewDiffImageActive.png */ = {isa = PBXFileReference; lastKnownFileType = image.png; path = ViewDiffImageActive.png; sourceTree = "<group>"; };
		6020BD75194E09470027B265 /* ViewDiffImage.png */ = {isa = PBXFileReference; lastKnownFileType = image.png; path = ViewDiffImage.png; sourceTree = "<group>"; };
		6020BD78194E14E10027B265 /* BackArrowActive.png */ = {isa = PBXFileReference; lastKnownFileType = image.png; path = BackArrowActive.png; sourceTree = "<group>"; };
		6020BD79194E14E10027B265 /* BackArrow.png */ = {isa = PBXFileReference; lastKnownFileType = image.png; path = BackArrow.png; sourceTree = "<group>"; };
		6020BD86194E3F7B0027B265 /* ORSlidingImageView.h */ = {isa = PBXFileReference; fileEncoding = 4; lastKnownFileType = sourcecode.c.h; path = ORSlidingImageView.h; sourceTree = "<group>"; };
		6020BD87194E3F7B0027B265 /* ORSlidingImageView.m */ = {isa = PBXFileReference; fileEncoding = 4; lastKnownFileType = sourcecode.c.objc; path = ORSlidingImageView.m; sourceTree = "<group>"; };
		605A022E194A34A500920397 /* SnapshotDiffs.xcplugin */ = {isa = PBXFileReference; explicitFileType = wrapper.cfbundle; includeInIndex = 0; path = SnapshotDiffs.xcplugin; sourceTree = BUILT_PRODUCTS_DIR; };
		605A0231194A34A500920397 /* AppKit.framework */ = {isa = PBXFileReference; lastKnownFileType = wrapper.framework; name = AppKit.framework; path = System/Library/Frameworks/AppKit.framework; sourceTree = SDKROOT; };
		605A0233194A34A500920397 /* Foundation.framework */ = {isa = PBXFileReference; lastKnownFileType = wrapper.framework; name = Foundation.framework; path = System/Library/Frameworks/Foundation.framework; sourceTree = SDKROOT; };
		605A0237194A34A500920397 /* SnapshotDiffs-Info.plist */ = {isa = PBXFileReference; lastKnownFileType = text.plist.xml; path = "SnapshotDiffs-Info.plist"; sourceTree = "<group>"; };
		605A0239194A34A500920397 /* en */ = {isa = PBXFileReference; lastKnownFileType = text.plist.strings; name = en; path = en.lproj/InfoPlist.strings; sourceTree = "<group>"; };
		605A023B194A34A500920397 /* ORSnapshotDiffs.h */ = {isa = PBXFileReference; lastKnownFileType = sourcecode.c.h; path = ORSnapshotDiffs.h; sourceTree = "<group>"; };
		605A023C194A34A500920397 /* ORSnapshotDiffs.m */ = {isa = PBXFileReference; lastKnownFileType = sourcecode.c.objc; path = ORSnapshotDiffs.m; sourceTree = "<group>"; };
		605A023E194A34A500920397 /* SnapshotDiffs-Prefix.pch */ = {isa = PBXFileReference; lastKnownFileType = sourcecode.c.h; path = "SnapshotDiffs-Prefix.pch"; sourceTree = "<group>"; };
		60B22BD5194A39A700D72E46 /* ORLogReader.h */ = {isa = PBXFileReference; fileEncoding = 4; lastKnownFileType = sourcecode.c.h; path = ORLogReader.h; sourceTree = "<group>"; };
		60B22BD6194A39A700D72E46 /* ORLogReader.m */ = {isa = PBXFileReference; fileEncoding = 4; lastKnownFileType = sourcecode.c.objc; path = ORLogReader.m; sourceTree = "<group>"; };
/* End PBXFileReference section */

/* Begin PBXFrameworksBuildPhase section */
		605A022B194A34A500920397 /* Frameworks */ = {
			isa = PBXFrameworksBuildPhase;
			buildActionMask = 2147483647;
			files = (
				605A0232194A34A500920397 /* AppKit.framework in Frameworks */,
				605A0234194A34A500920397 /* Foundation.framework in Frameworks */,
			);
			runOnlyForDeploymentPostprocessing = 0;
		};
/* End PBXFrameworksBuildPhase section */

/* Begin PBXGroup section */
		6018B70A194DE648001981D7 /* Externs */ = {
			isa = PBXGroup;
			children = (
				6014D777194B5D2900CB802D /* JGMethodSwizzler.h */,
				6014D778194B5D2900CB802D /* JGMethodSwizzler.m */,
			);
			name = Externs;
			sourceTree = "<group>";
		};
		6018B70B194DE654001981D7 /* Controllers */ = {
			isa = PBXGroup;
			children = (
				6018B707194DE589001981D7 /* ORKaleidoscopeController.h */,
				6018B708194DE589001981D7 /* ORKaleidoscopeController.m */,
			);
			name = Controllers;
			sourceTree = "<group>";
		};
		6018B70C194DE662001981D7 /* Visuals */ = {
			isa = PBXGroup;
			children = (
				6014D783194B9EDF00CB802D /* ORCommandView.h */,
				6014D784194B9EDF00CB802D /* ORCommandView.m */,
				6014D77E194B949F00CB802D /* ORPopoverController.h */,
				6014D77F194B949F00CB802D /* ORPopoverController.m */,
				6014D780194B949F00CB802D /* ORPopoverController.xib */,
				6020BD86194E3F7B0027B265 /* ORSlidingImageView.h */,
				6020BD87194E3F7B0027B265 /* ORSlidingImageView.m */,
			);
			name = Visuals;
			sourceTree = "<group>";
		};
		6018B70D194DE66B001981D7 /* Models */ = {
			isa = PBXGroup;
			children = (
				60B22BD5194A39A700D72E46 /* ORLogReader.h */,
				60B22BD6194A39A700D72E46 /* ORLogReader.m */,
				6018B710194DF0A8001981D7 /* ORTestsSuiteModels.h */,
				6018B711194DF0A8001981D7 /* ORTestsSuiteModels.m */,
			);
			name = Models;
			sourceTree = "<group>";
		};
		605A0225194A34A500920397 = {
			isa = PBXGroup;
			children = (
				605A0235194A34A500920397 /* SnapshotDiffs */,
				605A0230194A34A500920397 /* Frameworks */,
				605A022F194A34A500920397 /* Products */,
			);
			sourceTree = "<group>";
		};
		605A022F194A34A500920397 /* Products */ = {
			isa = PBXGroup;
			children = (
				605A022E194A34A500920397 /* SnapshotDiffs.xcplugin */,
			);
			name = Products;
			sourceTree = "<group>";
		};
		605A0230194A34A500920397 /* Frameworks */ = {
			isa = PBXGroup;
			children = (
				605A0231194A34A500920397 /* AppKit.framework */,
				605A0233194A34A500920397 /* Foundation.framework */,
			);
			name = Frameworks;
			sourceTree = "<group>";
		};
		605A0235194A34A500920397 /* SnapshotDiffs */ = {
			isa = PBXGroup;
			children = (
				605A023B194A34A500920397 /* ORSnapshotDiffs.h */,
				605A023C194A34A500920397 /* ORSnapshotDiffs.m */,
				6018B70D194DE66B001981D7 /* Models */,
				6018B70C194DE662001981D7 /* Visuals */,
				6018B70B194DE654001981D7 /* Controllers */,
				6018B70A194DE648001981D7 /* Externs */,
				605A0236194A34A500920397 /* Supporting Files */,
			);
			path = SnapshotDiffs;
			sourceTree = "<group>";
		};
		605A0236194A34A500920397 /* Supporting Files */ = {
			isa = PBXGroup;
			children = (
				6020BD78194E14E10027B265 /* BackArrowActive.png */,
				6020BD79194E14E10027B265 /* BackArrow.png */,
				6020BD74194E09470027B265 /* ViewDiffImageActive.png */,
				6020BD75194E09470027B265 /* ViewDiffImage.png */,
				6020BD72194E08210027B265 /* KaleidoscopeAllButtonActive.png */,
				6020BD70194E061A0027B265 /* KaleidoscopeAllButton.png */,
				6014D77A194B872400CB802D /* SnapshotToolbarIconActive.png */,
				6014D77B194B872400CB802D /* SnapshotToolbarIcon.png */,
				605A0237194A34A500920397 /* SnapshotDiffs-Info.plist */,
				605A0238194A34A500920397 /* InfoPlist.strings */,
				605A023E194A34A500920397 /* SnapshotDiffs-Prefix.pch */,
				6018B70E194DEFB4001981D7 /* OutputExamples */,
			);
			name = "Supporting Files";
			sourceTree = "<group>";
		};
/* End PBXGroup section */

/* Begin PBXNativeTarget section */
		605A022D194A34A500920397 /* SnapshotDiffs */ = {
			isa = PBXNativeTarget;
			buildConfigurationList = 605A0241194A34A500920397 /* Build configuration list for PBXNativeTarget "SnapshotDiffs" */;
			buildPhases = (
				605A022A194A34A500920397 /* Sources */,
				605A022B194A34A500920397 /* Frameworks */,
				605A022C194A34A500920397 /* Resources */,
			);
			buildRules = (
			);
			dependencies = (
			);
			name = SnapshotDiffs;
			productName = SnapshotDiffs;
			productReference = 605A022E194A34A500920397 /* SnapshotDiffs.xcplugin */;
			productType = "com.apple.product-type.bundle";
		};
/* End PBXNativeTarget section */

/* Begin PBXProject section */
		605A0226194A34A500920397 /* Project object */ = {
			isa = PBXProject;
			attributes = {
				CLASSPREFIX = OR;
				LastUpgradeCheck = 0510;
				ORGANIZATIONNAME = Orta;
			};
			buildConfigurationList = 605A0229194A34A500920397 /* Build configuration list for PBXProject "SnapshotDiffs" */;
			compatibilityVersion = "Xcode 3.2";
			developmentRegion = English;
			hasScannedForEncodings = 0;
			knownRegions = (
				en,
			);
			mainGroup = 605A0225194A34A500920397;
			productRefGroup = 605A022F194A34A500920397 /* Products */;
			projectDirPath = "";
			projectRoot = "";
			targets = (
				605A022D194A34A500920397 /* SnapshotDiffs */,
			);
		};
/* End PBXProject section */

/* Begin PBXResourcesBuildPhase section */
		605A022C194A34A500920397 /* Resources */ = {
			isa = PBXResourcesBuildPhase;
			buildActionMask = 2147483647;
			files = (
				6020BD7A194E14E10027B265 /* BackArrowActive.png in Resources */,
				6020BD71194E061A0027B265 /* KaleidoscopeAllButton.png in Resources */,
				6014D782194B949F00CB802D /* ORPopoverController.xib in Resources */,
				6020BD7B194E14E10027B265 /* BackArrow.png in Resources */,
				6014D77C194B872400CB802D /* SnapshotToolbarIconActive.png in Resources */,
				6014D77D194B872400CB802D /* SnapshotToolbarIcon.png in Resources */,
				6020BD77194E09470027B265 /* ViewDiffImage.png in Resources */,
				6018B70F194DEFB4001981D7 /* OutputExamples in Resources */,
				6020BD76194E09470027B265 /* ViewDiffImageActive.png in Resources */,
				605A023A194A34A500920397 /* InfoPlist.strings in Resources */,
				6020BD73194E08210027B265 /* KaleidoscopeAllButtonActive.png in Resources */,
			);
			runOnlyForDeploymentPostprocessing = 0;
		};
/* End PBXResourcesBuildPhase section */

/* Begin PBXSourcesBuildPhase section */
		605A022A194A34A500920397 /* Sources */ = {
			isa = PBXSourcesBuildPhase;
			buildActionMask = 2147483647;
			files = (
				6020BD88194E3F7B0027B265 /* ORSlidingImageView.m in Sources */,
				6014D781194B949F00CB802D /* ORPopoverController.m in Sources */,
				60B22BD7194A39A700D72E46 /* ORLogReader.m in Sources */,
				6014D779194B5D2900CB802D /* JGMethodSwizzler.m in Sources */,
				6014D785194B9EE000CB802D /* ORCommandView.m in Sources */,
				605A023D194A34A500920397 /* ORSnapshotDiffs.m in Sources */,
				6018B712194DF0A8001981D7 /* ORTestsSuiteModels.m in Sources */,
				6018B709194DE589001981D7 /* ORKaleidoscopeController.m in Sources */,
			);
			runOnlyForDeploymentPostprocessing = 0;
		};
/* End PBXSourcesBuildPhase section */

/* Begin PBXVariantGroup section */
		605A0238194A34A500920397 /* InfoPlist.strings */ = {
			isa = PBXVariantGroup;
			children = (
				605A0239194A34A500920397 /* en */,
			);
			name = InfoPlist.strings;
			sourceTree = "<group>";
		};
/* End PBXVariantGroup section */

/* Begin XCBuildConfiguration section */
		605A023F194A34A500920397 /* Debug */ = {
			isa = XCBuildConfiguration;
			buildSettings = {
				ALWAYS_SEARCH_USER_PATHS = NO;
				CLANG_CXX_LANGUAGE_STANDARD = "gnu++0x";
				CLANG_CXX_LIBRARY = "libc++";
				CLANG_ENABLE_MODULES = YES;
				CLANG_ENABLE_OBJC_ARC = YES;
				CLANG_WARN_BOOL_CONVERSION = YES;
				CLANG_WARN_CONSTANT_CONVERSION = YES;
				CLANG_WARN_DIRECT_OBJC_ISA_USAGE = YES_ERROR;
				CLANG_WARN_EMPTY_BODY = YES;
				CLANG_WARN_ENUM_CONVERSION = YES;
				CLANG_WARN_INT_CONVERSION = YES;
				CLANG_WARN_OBJC_ROOT_CLASS = YES_ERROR;
				CLANG_WARN__DUPLICATE_METHOD_MATCH = YES;
				COPY_PHASE_STRIP = NO;
				GCC_C_LANGUAGE_STANDARD = gnu99;
				GCC_DYNAMIC_NO_PIC = NO;
				GCC_ENABLE_OBJC_EXCEPTIONS = YES;
				GCC_OPTIMIZATION_LEVEL = 0;
				GCC_PREPROCESSOR_DEFINITIONS = (
					"DEBUG=1",
					"$(inherited)",
				);
				GCC_SYMBOLS_PRIVATE_EXTERN = NO;
				GCC_WARN_64_TO_32_BIT_CONVERSION = YES;
				GCC_WARN_ABOUT_RETURN_TYPE = YES_ERROR;
				GCC_WARN_UNDECLARED_SELECTOR = YES;
				GCC_WARN_UNINITIALIZED_AUTOS = YES_AGGRESSIVE;
				GCC_WARN_UNUSED_FUNCTION = YES;
				GCC_WARN_UNUSED_VARIABLE = YES;
				MACOSX_DEPLOYMENT_TARGET = 10.9;
				ONLY_ACTIVE_ARCH = YES;
				SDKROOT = macosx;
			};
			name = Debug;
		};
		605A0240194A34A500920397 /* Release */ = {
			isa = XCBuildConfiguration;
			buildSettings = {
				ALWAYS_SEARCH_USER_PATHS = NO;
				CLANG_CXX_LANGUAGE_STANDARD = "gnu++0x";
				CLANG_CXX_LIBRARY = "libc++";
				CLANG_ENABLE_MODULES = YES;
				CLANG_ENABLE_OBJC_ARC = YES;
				CLANG_WARN_BOOL_CONVERSION = YES;
				CLANG_WARN_CONSTANT_CONVERSION = YES;
				CLANG_WARN_DIRECT_OBJC_ISA_USAGE = YES_ERROR;
				CLANG_WARN_EMPTY_BODY = YES;
				CLANG_WARN_ENUM_CONVERSION = YES;
				CLANG_WARN_INT_CONVERSION = YES;
				CLANG_WARN_OBJC_ROOT_CLASS = YES_ERROR;
				CLANG_WARN__DUPLICATE_METHOD_MATCH = YES;
				COPY_PHASE_STRIP = YES;
				DEBUG_INFORMATION_FORMAT = "dwarf-with-dsym";
				ENABLE_NS_ASSERTIONS = NO;
				GCC_C_LANGUAGE_STANDARD = gnu99;
				GCC_ENABLE_OBJC_EXCEPTIONS = YES;
				GCC_WARN_64_TO_32_BIT_CONVERSION = YES;
				GCC_WARN_ABOUT_RETURN_TYPE = YES_ERROR;
				GCC_WARN_UNDECLARED_SELECTOR = YES;
				GCC_WARN_UNINITIALIZED_AUTOS = YES_AGGRESSIVE;
				GCC_WARN_UNUSED_FUNCTION = YES;
				GCC_WARN_UNUSED_VARIABLE = YES;
				MACOSX_DEPLOYMENT_TARGET = 10.9;
				SDKROOT = macosx;
			};
			name = Release;
		};
		605A0242194A34A500920397 /* Debug */ = {
			isa = XCBuildConfiguration;
			buildSettings = {
				COMBINE_HIDPI_IMAGES = YES;
				DEPLOYMENT_LOCATION = YES;
				DSTROOT = "$(HOME)";
				GCC_PRECOMPILE_PREFIX_HEADER = YES;
				GCC_PREFIX_HEADER = "SnapshotDiffs/SnapshotDiffs-Prefix.pch";
				INFOPLIST_FILE = "SnapshotDiffs/SnapshotDiffs-Info.plist";
				INSTALL_PATH = "/Library/Application Support/Developer/Shared/Xcode/Plug-ins";
				PRODUCT_NAME = "$(TARGET_NAME)";
				WRAPPER_EXTENSION = xcplugin;
			};
			name = Debug;
		};
		605A0243194A34A500920397 /* Release */ = {
			isa = XCBuildConfiguration;
			buildSettings = {
				COMBINE_HIDPI_IMAGES = YES;
				DEPLOYMENT_LOCATION = YES;
				DSTROOT = "$(HOME)";
				GCC_PRECOMPILE_PREFIX_HEADER = YES;
				GCC_PREFIX_HEADER = "SnapshotDiffs/SnapshotDiffs-Prefix.pch";
				INFOPLIST_FILE = "SnapshotDiffs/SnapshotDiffs-Info.plist";
				INSTALL_PATH = "/Library/Application Support/Developer/Shared/Xcode/Plug-ins";
				PRODUCT_NAME = "$(TARGET_NAME)";
				WRAPPER_EXTENSION = xcplugin;
			};
			name = Release;
		};
/* End XCBuildConfiguration section */

/* Begin XCConfigurationList section */
		605A0229194A34A500920397 /* Build configuration list for PBXProject "SnapshotDiffs" */ = {
			isa = XCConfigurationList;
			buildConfigurations = (
				605A023F194A34A500920397 /* Debug */,
				605A0240194A34A500920397 /* Release */,
			);
			defaultConfigurationIsVisible = 0;
			defaultConfigurationName = Release;
		};
		605A0241194A34A500920397 /* Build configuration list for PBXNativeTarget "SnapshotDiffs" */ = {
			isa = XCConfigurationList;
			buildConfigurations = (
				605A0242194A34A500920397 /* Debug */,
				605A0243194A34A500920397 /* Release */,
			);
			defaultConfigurationIsVisible = 0;
			defaultConfigurationName = Release;
		};
/* End XCConfigurationList section */
	};
	rootObject = 605A0226194A34A500920397 /* Project object */;
}
